// !$*UTF8*$!
{
	archiveVersion = 1;
	classes = {
	};
	objectVersion = 46;
	objects = {

/* Begin PBXBuildFile section */
		76C368A51CAFF6A30092E3D7 /* main.m in Sources */ = {isa = PBXBuildFile; fileRef = 76C368A41CAFF6A30092E3D7 /* main.m */; };
		76C368A81CAFF6A30092E3D7 /* AppDelegate.m in Sources */ = {isa = PBXBuildFile; fileRef = 76C368A71CAFF6A30092E3D7 /* AppDelegate.m */; };
		76C368AB1CAFF6A30092E3D7 /* ViewController.m in Sources */ = {isa = PBXBuildFile; fileRef = 76C368AA1CAFF6A30092E3D7 /* ViewController.m */; };
		76C368AE1CAFF6A30092E3D7 /* Main.storyboard in Resources */ = {isa = PBXBuildFile; fileRef = 76C368AC1CAFF6A30092E3D7 /* Main.storyboard */; };
		76C368B01CAFF6A30092E3D7 /* Assets.xcassets in Resources */ = {isa = PBXBuildFile; fileRef = 76C368AF1CAFF6A30092E3D7 /* Assets.xcassets */; };
		76C368B31CAFF6A30092E3D7 /* LaunchScreen.storyboard in Resources */ = {isa = PBXBuildFile; fileRef = 76C368B11CAFF6A30092E3D7 /* LaunchScreen.storyboard */; };
/* End PBXBuildFile section */

/* Begin PBXFileReference section */
		76C368A01CAFF6A30092E3D7 /* BlockBreaker.app */ = {isa = PBXFileReference; explicitFileType = wrapper.application; includeInIndex = 0; path = BlockBreaker.app; sourceTree = BUILT_PRODUCTS_DIR; };
		76C368A41CAFF6A30092E3D7 /* main.m */ = {isa = PBXFileReference; lastKnownFileType = sourcecode.c.objc; path = main.m; sourceTree = "<group>"; };
		76C368A61CAFF6A30092E3D7 /* AppDelegate.h */ = {isa = PBXFileReference; lastKnownFileType = sourcecode.c.h; path = AppDelegate.h; sourceTree = "<group>"; };
		76C368A71CAFF6A30092E3D7 /* AppDelegate.m */ = {isa = PBXFileReference; lastKnownFileType = sourcecode.c.objc; path = AppDelegate.m; sourceTree = "<group>"; };
		76C368A91CAFF6A30092E3D7 /* ViewController.h */ = {isa = PBXFileReference; lastKnownFileType = sourcecode.c.h; path = ViewController.h; sourceTree = "<group>"; };
		76C368AA1CAFF6A30092E3D7 /* ViewController.m */ = {isa = PBXFileReference; lastKnownFileType = sourcecode.c.objc; path = ViewController.m; sourceTree = "<group>"; };
		76C368AD1CAFF6A30092E3D7 /* Base */ = {isa = PBXFileReference; lastKnownFileType = file.storyboard; name = Base; path = Base.lproj/Main.storyboard; sourceTree = "<group>"; };
		76C368AF1CAFF6A30092E3D7 /* Assets.xcassets */ = {isa = PBXFileReference; lastKnownFileType = folder.assetcatalog; path = Assets.xcassets; sourceTree = "<group>"; };
		76C368B21CAFF6A30092E3D7 /* Base */ = {isa = PBXFileReference; lastKnownFileType = file.storyboard; name = Base; path = Base.lproj/LaunchScreen.storyboard; sourceTree = "<group>"; };
		76C368B41CAFF6A30092E3D7 /* Info.plist */ = {isa = PBXFileReference; lastKnownFileType = text.plist.xml; path = Info.plist; sourceTree = "<group>"; };
/* End PBXFileReference section */

/* Begin PBXFrameworksBuildPhase section */
		76C3689D1CAFF6A30092E3D7 /* Frameworks */ = {
			isa = PBXFrameworksBuildPhase;
			buildActionMask = 2147483647;
			files = (
			);
			runOnlyForDeploymentPostprocessing = 0;
		};
/* End PBXFrameworksBuildPhase section */

/* Begin PBXGroup section */
		76C368971CAFF6A30092E3D7 = {
			isa = PBXGroup;
			children = (
				76C368A21CAFF6A30092E3D7 /* BlockBreaker */,
				76C368A11CAFF6A30092E3D7 /* Products */,
			);
			sourceTree = "<group>";
		};
		76C368A11CAFF6A30092E3D7 /* Products */ = {
			isa = PBXGroup;
			children = (
				76C368A01CAFF6A30092E3D7 /* BlockBreaker.app */,
			);
			name = Products;
			sourceTree = "<group>";
		};
		76C368A21CAFF6A30092E3D7 /* BlockBreaker */ = {
			isa = PBXGroup;
			children = (
				76C368A61CAFF6A30092E3D7 /* AppDelegate.h */,
				76C368A71CAFF6A30092E3D7 /* AppDelegate.m */,
				76C368A91CAFF6A30092E3D7 /* ViewController.h */,
				76C368AA1CAFF6A30092E3D7 /* ViewController.m */,
				76C368AC1CAFF6A30092E3D7 /* Main.storyboard */,
				76C368AF1CAFF6A30092E3D7 /* Assets.xcassets */,
				76C368B11CAFF6A30092E3D7 /* LaunchScreen.storyboard */,
				76C368B41CAFF6A30092E3D7 /* Info.plist */,
				76C368A31CAFF6A30092E3D7 /* Supporting Files */,
			);
			path = BlockBreaker;
			sourceTree = "<group>";
		};
		76C368A31CAFF6A30092E3D7 /* Supporting Files */ = {
			isa = PBXGroup;
			children = (
				76C368A41CAFF6A30092E3D7 /* main.m */,
			);
			name = "Supporting Files";
			sourceTree = "<group>";
		};
/* End PBXGroup section */

/* Begin PBXNativeTarget section */
		76C3689F1CAFF6A30092E3D7 /* BlockBreaker */ = {
			isa = PBXNativeTarget;
			buildConfigurationList = 76C368B71CAFF6A30092E3D7 /* Build configuration list for PBXNativeTarget "BlockBreaker" */;
			buildPhases = (
				76C3689C1CAFF6A30092E3D7 /* Sources */,
				76C3689D1CAFF6A30092E3D7 /* Frameworks */,
				76C3689E1CAFF6A30092E3D7 /* Resources */,
			);
			buildRules = (
			);
			dependencies = (
			);
			name = BlockBreaker;
			productName = BlockBreaker;
			productReference = 76C368A01CAFF6A30092E3D7 /* BlockBreaker.app */;
			productType = "com.apple.product-type.application";
		};
/* End PBXNativeTarget section */

/* Begin PBXProject section */
		76C368981CAFF6A30092E3D7 /* Project object */ = {
			isa = PBXProject;
			attributes = {
				LastUpgradeCheck = 0720;
				ORGANIZATIONNAME = "王壮";
				TargetAttributes = {
					76C3689F1CAFF6A30092E3D7 = {
						CreatedOnToolsVersion = 7.2;
						DevelopmentTeam = ZVAE795T6V;
					};
				};
			};
			buildConfigurationList = 76C3689B1CAFF6A30092E3D7 /* Build configuration list for PBXProject "BlockBreaker" */;
			compatibilityVersion = "Xcode 3.2";
			developmentRegion = English;
			hasScannedForEncodings = 0;
			knownRegions = (
				en,
				Base,
			);
			mainGroup = 76C368971CAFF6A30092E3D7;
			productRefGroup = 76C368A11CAFF6A30092E3D7 /* Products */;
			projectDirPath = "";
			projectRoot = "";
			targets = (
				76C3689F1CAFF6A30092E3D7 /* BlockBreaker */,
			);
		};
/* End PBXProject section */

/* Begin PBXResourcesBuildPhase section */
		76C3689E1CAFF6A30092E3D7 /* Resources */ = {
			isa = PBXResourcesBuildPhase;
			buildActionMask = 2147483647;
			files = (
				76C368B31CAFF6A30092E3D7 /* LaunchScreen.storyboard in Resources */,
				76C368B01CAFF6A30092E3D7 /* Assets.xcassets in Resources */,
				76C368AE1CAFF6A30092E3D7 /* Main.storyboard in Resources */,
			);
			runOnlyForDeploymentPostprocessing = 0;
		};
/* End PBXResourcesBuildPhase section */

/* Begin PBXSourcesBuildPhase section */
		76C3689C1CAFF6A30092E3D7 /* Sources */ = {
			isa = PBXSourcesBuildPhase;
			buildActionMask = 2147483647;
			files = (
				76C368AB1CAFF6A30092E3D7 /* ViewController.m in Sources */,
				76C368A81CAFF6A30092E3D7 /* AppDelegate.m in Sources */,
				76C368A51CAFF6A30092E3D7 /* main.m in Sources */,
			);
			runOnlyForDeploymentPostprocessing = 0;
		};
/* End PBXSourcesBuildPhase section */

/* Begin PBXVariantGroup section */
		76C368AC1CAFF6A30092E3D7 /* Main.storyboard */ = {
			isa = PBXVariantGroup;
			children = (
				76C368AD1CAFF6A30092E3D7 /* Base */,
			);
			name = Main.storyboard;
			sourceTree = "<group>";
		};
		76C368B11CAFF6A30092E3D7 /* LaunchScreen.storyboard */ = {
			isa = PBXVariantGroup;
			children = (
				76C368B21CAFF6A30092E3D7 /* Base */,
			);
			name = LaunchScreen.storyboard;
			sourceTree = "<group>";
		};
/* End PBXVariantGroup section */

/* Begin XCBuildConfiguration section */
		76C368B51CAFF6A30092E3D7 /* Debug */ = {
			isa = XCBuildConfiguration;
			buildSettings = {
				ALWAYS_SEARCH_USER_PATHS = NO;
				CLANG_CXX_LANGUAGE_STANDARD = "gnu++0x";
				CLANG_CXX_LIBRARY = "libc++";
				CLANG_ENABLE_MODULES = YES;
				CLANG_ENABLE_OBJC_ARC = YES;
				CLANG_WARN_BOOL_CONVERSION = YES;
				CLANG_WARN_CONSTANT_CONVERSION = YES;
				CLANG_WARN_DIRECT_OBJC_ISA_USAGE = YES_ERROR;
				CLANG_WARN_EMPTY_BODY = YES;
				CLANG_WARN_ENUM_CONVERSION = YES;
				CLANG_WARN_INT_CONVERSION = YES;
				CLANG_WARN_OBJC_ROOT_CLASS = YES_ERROR;
				CLANG_WARN_UNREACHABLE_CODE = YES;
				CLANG_WARN__DUPLICATE_METHOD_MATCH = YES;
				"CODE_SIGN_IDENTITY[sdk=iphoneos*]" = "iPhone Developer";
				COPY_PHASE_STRIP = NO;
				DEBUG_INFORMATION_FORMAT = dwarf;
				ENABLE_STRICT_OBJC_MSGSEND = YES;
				ENABLE_TESTABILITY = YES;
				GCC_C_LANGUAGE_STANDARD = gnu99;
				GCC_DYNAMIC_NO_PIC = NO;
				GCC_NO_COMMON_BLOCKS = YES;
				GCC_OPTIMIZATION_LEVEL = 0;
				GCC_PREPROCESSOR_DEFINITIONS = (
					"DEBUG=1",
					"$(inherited)",
				);
				GCC_WARN_64_TO_32_BIT_CONVERSION = YES;
				GCC_WARN_ABOUT_RETURN_TYPE = YES_ERROR;
				GCC_WARN_UNDECLARED_SELECTOR = YES;
				GCC_WARN_UNINITIALIZED_AUTOS = YES_AGGRESSIVE;
				GCC_WARN_UNUSED_FUNCTION = YES;
				GCC_WARN_UNUSED_VARIABLE = YES;
				IPHONEOS_DEPLOYMENT_TARGET = 9.2;
				MTL_ENABLE_DEBUG_INFO = YES;
				ONLY_ACTIVE_ARCH = YES;
				SDKROOT = iphoneos;
			};
			name = Debug;
		};
		76C368B61CAFF6A30092E3D7 /* Release */ = {
			isa = XCBuildConfiguration;
			buildSettings = {
				ALWAYS_SEARCH_USER_PATHS = NO;
				CLANG_CXX_LANGUAGE_STANDARD = "gnu++0x";
				CLANG_CXX_LIBRARY = "libc++";
				CLANG_ENABLE_MODULES = YES;
				CLANG_ENABLE_OBJC_ARC = YES;
				CLANG_WARN_BOOL_CONVERSION = YES;
				CLANG_WARN_CONSTANT_CONVERSION = YES;
				CLANG_WARN_DIRECT_OBJC_ISA_USAGE = YES_ERROR;
				CLANG_WARN_EMPTY_BODY = YES;
				CLANG_WARN_ENUM_CONVERSION = YES;
				CLANG_WARN_INT_CONVERSION = YES;
				CLANG_WARN_OBJC_ROOT_CLASS = YES_ERROR;
				CLANG_WARN_UNREACHABLE_CODE = YES;
				CLANG_WARN__DUPLICATE_METHOD_MATCH = YES;
				"CODE_SIGN_IDENTITY[sdk=iphoneos*]" = "iPhone Developer";
				COPY_PHASE_STRIP = NO;
				DEBUG_INFORMATION_FORMAT = "dwarf-with-dsym";
				ENABLE_NS_ASSERTIONS = NO;
				ENABLE_STRICT_OBJC_MSGSEND = YES;
				GCC_C_LANGUAGE_STANDARD = gnu99;
				GCC_NO_COMMON_BLOCKS = YES;
				GCC_WARN_64_TO_32_BIT_CONVERSION = YES;
				GCC_WARN_ABOUT_RETURN_TYPE = YES_ERROR;
				GCC_WARN_UNDECLARED_SELECTOR = YES;
				GCC_WARN_UNINITIALIZED_AUTOS = YES_AGGRESSIVE;
				GCC_WARN_UNUSED_FUNCTION = YES;
				GCC_WARN_UNUSED_VARIABLE = YES;
				IPHONEOS_DEPLOYMENT_TARGET = 9.2;
				MTL_ENABLE_DEBUG_INFO = NO;
				SDKROOT = iphoneos;
				VALIDATE_PRODUCT = YES;
			};
			name = Release;
		};
		76C368B81CAFF6A30092E3D7 /* Debug */ = {
			isa = XCBuildConfiguration;
			buildSettings = {
				ASSETCATALOG_COMPILER_APPICON_NAME = AppIcon;
				INFOPLIST_FILE = BlockBreaker/Info.plist;
				LD_RUNPATH_SEARCH_PATHS = "$(inherited) @executable_path/Frameworks";
				PRODUCT_BUNDLE_IDENTIFIER = com.computer.BlockBreaker;
				PRODUCT_NAME = "$(TARGET_NAME)";
			};
			name = Debug;
		};
		76C368B91CAFF6A30092E3D7 /* Release */ = {
			isa = XCBuildConfiguration;
			buildSettings = {
				ASSETCATALOG_COMPILER_APPICON_NAME = AppIcon;
				INFOPLIST_FILE = BlockBreaker/Info.plist;
				LD_RUNPATH_SEARCH_PATHS = "$(inherited) @executable_path/Frameworks";
				PRODUCT_BUNDLE_IDENTIFIER = com.computer.BlockBreaker;
				PRODUCT_NAME = "$(TARGET_NAME)";
			};
			name = Release;
		};
/* End XCBuildConfiguration section */

/* Begin XCConfigurationList section */
		76C3689B1CAFF6A30092E3D7 /* Build configuration list for PBXProject "BlockBreaker" */ = {
			isa = XCConfigurationList;
			buildConfigurations = (
				76C368B51CAFF6A30092E3D7 /* Debug */,
				76C368B61CAFF6A30092E3D7 /* Release */,
			);
			defaultConfigurationIsVisible = 0;
			defaultConfigurationName = Release;
		};
		76C368B71CAFF6A30092E3D7 /* Build configuration list for PBXNativeTarget "BlockBreaker" */ = {
			isa = XCConfigurationList;
			buildConfigurations = (
				76C368B81CAFF6A30092E3D7 /* Debug */,
				76C368B91CAFF6A30092E3D7 /* Release */,
			);
			defaultConfigurationIsVisible = 0;
		};
/* End XCConfigurationList section */
	};
	rootObject = 76C368981CAFF6A30092E3D7 /* Project object */;
}
